
Microsoft Visual Studio Solution File, Format Version 12.00
# Visual Studio Version 16
VisualStudioVersion = 16.0.30114.105
MinimumVisualStudioVersion = 10.0.40219.1
Project("{FAE04EC0-301F-11D3-BF4B-00C04F79EFBC}") = "API", "API\API.csproj", "{D4BFD29F-1088-4737-84EE-C37CA7222522}"
EndProject
Project("{FAE04EC0-301F-11D3-BF4B-00C04F79EFBC}") = "Application", "Application\Application.csproj", "{D68D6F94-6EEA-43B4-B638-49475CB70E52}"
EndProject
Project("{FAE04EC0-301F-11D3-BF4B-00C04F79EFBC}") = "Persistence", "Persistence\Persistence.csproj", "{0D6C3DA7-2961-4DF0-8C19-8E5788D21C95}"
EndProject
Project("{FAE04EC0-301F-11D3-BF4B-00C04F79EFBC}") = "Domain", "Domain\Domain.csproj", "{2113D100-78EC-4305-9C2E-085FC225888B}"
EndProject
Project("{FAE04EC0-301F-11D3-BF4B-00C04F79EFBC}") = "Infrastructure", "Infrastructure\Infrastructure.csproj", "{9DD60119-EFE7-4134-82EB-F303F76CC476}"
EndProject
Global
	GlobalSection(SolutionConfigurationPlatforms) = preSolution
		Debug|Any CPU = Debug|Any CPU
		Debug|x64 = Debug|x64
		Debug|x86 = Debug|x86
		Release|Any CPU = Release|Any CPU
		Release|x64 = Release|x64
		Release|x86 = Release|x86
	EndGlobalSection
	GlobalSection(SolutionProperties) = preSolution
		HideSolutionNode = FALSE
	EndGlobalSection
	GlobalSection(ProjectConfigurationPlatforms) = postSolution
		{D4BFD29F-1088-4737-84EE-C37CA7222522}.Debug|Any CPU.ActiveCfg = Debug|Any CPU
		{D4BFD29F-1088-4737-84EE-C37CA7222522}.Debug|Any CPU.Build.0 = Debug|Any CPU
		{D4BFD29F-1088-4737-84EE-C37CA7222522}.Debug|x64.ActiveCfg = Debug|Any CPU
		{D4BFD29F-1088-4737-84EE-C37CA7222522}.Debug|x64.Build.0 = Debug|Any CPU
		{D4BFD29F-1088-4737-84EE-C37CA7222522}.Debug|x86.ActiveCfg = Debug|Any CPU
		{D4BFD29F-1088-4737-84EE-C37CA7222522}.Debug|x86.Build.0 = Debug|Any CPU
		{D4BFD29F-1088-4737-84EE-C37CA7222522}.Release|Any CPU.ActiveCfg = Release|Any CPU
		{D4BFD29F-1088-4737-84EE-C37CA7222522}.Release|Any CPU.Build.0 = Release|Any CPU
		{D4BFD29F-1088-4737-84EE-C37CA7222522}.Release|x64.ActiveCfg = Release|Any CPU
		{D4BFD29F-1088-4737-84EE-C37CA7222522}.Release|x64.Build.0 = Release|Any CPU
		{D4BFD29F-1088-4737-84EE-C37CA7222522}.Release|x86.ActiveCfg = Release|Any CPU
		{D4BFD29F-1088-4737-84EE-C37CA7222522}.Release|x86.Build.0 = Release|Any CPU
		{D68D6F94-6EEA-43B4-B638-49475CB70E52}.Debug|Any CPU.ActiveCfg = Debug|Any CPU
		{D68D6F94-6EEA-43B4-B638-49475CB70E52}.Debug|Any CPU.Build.0 = Debug|Any CPU
		{D68D6F94-6EEA-43B4-B638-49475CB70E52}.Debug|x64.ActiveCfg = Debug|Any CPU
		{D68D6F94-6EEA-43B4-B638-49475CB70E52}.Debug|x64.Build.0 = Debug|Any CPU
		{D68D6F94-6EEA-43B4-B638-49475CB70E52}.Debug|x86.ActiveCfg = Debug|Any CPU
		{D68D6F94-6EEA-43B4-B638-49475CB70E52}.Debug|x86.Build.0 = Debug|Any CPU
		{D68D6F94-6EEA-43B4-B638-49475CB70E52}.Release|Any CPU.ActiveCfg = Release|Any CPU
		{D68D6F94-6EEA-43B4-B638-49475CB70E52}.Release|Any CPU.Build.0 = Release|Any CPU
		{D68D6F94-6EEA-43B4-B638-49475CB70E52}.Release|x64.ActiveCfg = Release|Any CPU
		{D68D6F94-6EEA-43B4-B638-49475CB70E52}.Release|x64.Build.0 = Release|Any CPU
		{D68D6F94-6EEA-43B4-B638-49475CB70E52}.Release|x86.ActiveCfg = Release|Any CPU
		{D68D6F94-6EEA-43B4-B638-49475CB70E52}.Release|x86.Build.0 = Release|Any CPU
		{0D6C3DA7-2961-4DF0-8C19-8E5788D21C95}.Debug|Any CPU.ActiveCfg = Debug|Any CPU
		{0D6C3DA7-2961-4DF0-8C19-8E5788D21C95}.Debug|Any CPU.Build.0 = Debug|Any CPU
		{0D6C3DA7-2961-4DF0-8C19-8E5788D21C95}.Debug|x64.ActiveCfg = Debug|Any CPU
		{0D6C3DA7-2961-4DF0-8C19-8E5788D21C95}.Debug|x64.Build.0 = Debug|Any CPU
		{0D6C3DA7-2961-4DF0-8C19-8E5788D21C95}.Debug|x86.ActiveCfg = Debug|Any CPU
		{0D6C3DA7-2961-4DF0-8C19-8E5788D21C95}.Debug|x86.Build.0 = Debug|Any CPU
		{0D6C3DA7-2961-4DF0-8C19-8E5788D21C95}.Release|Any CPU.ActiveCfg = Release|Any CPU
		{0D6C3DA7-2961-4DF0-8C19-8E5788D21C95}.Release|Any CPU.Build.0 = Release|Any CPU
		{0D6C3DA7-2961-4DF0-8C19-8E5788D21C95}.Release|x64.ActiveCfg = Release|Any CPU
		{0D6C3DA7-2961-4DF0-8C19-8E5788D21C95}.Release|x64.Build.0 = Release|Any CPU
		{0D6C3DA7-2961-4DF0-8C19-8E5788D21C95}.Release|x86.ActiveCfg = Release|Any CPU
		{0D6C3DA7-2961-4DF0-8C19-8E5788D21C95}.Release|x86.Build.0 = Release|Any CPU
		{2113D100-78EC-4305-9C2E-085FC225888B}.Debug|Any CPU.ActiveCfg = Debug|Any CPU
		{2113D100-78EC-4305-9C2E-085FC225888B}.Debug|Any CPU.Build.0 = Debug|Any CPU
		{2113D100-78EC-4305-9C2E-085FC225888B}.Debug|x64.ActiveCfg = Debug|Any CPU
		{2113D100-78EC-4305-9C2E-085FC225888B}.Debug|x64.Build.0 = Debug|Any CPU
		{2113D100-78EC-4305-9C2E-085FC225888B}.Debug|x86.ActiveCfg = Debug|Any CPU
		{2113D100-78EC-4305-9C2E-085FC225888B}.Debug|x86.Build.0 = Debug|Any CPU
		{2113D100-78EC-4305-9C2E-085FC225888B}.Release|Any CPU.ActiveCfg = Release|Any CPU
		{2113D100-78EC-4305-9C2E-085FC225888B}.Release|Any CPU.Build.0 = Release|Any CPU
		{2113D100-78EC-4305-9C2E-085FC225888B}.Release|x64.ActiveCfg = Release|Any CPU
		{2113D100-78EC-4305-9C2E-085FC225888B}.Release|x64.Build.0 = Release|Any CPU
		{2113D100-78EC-4305-9C2E-085FC225888B}.Release|x86.ActiveCfg = Release|Any CPU
		{2113D100-78EC-4305-9C2E-085FC225888B}.Release|x86.Build.0 = Release|Any CPU
		{9DD60119-EFE7-4134-82EB-F303F76CC476}.Debug|Any CPU.ActiveCfg = Debug|Any CPU
		{9DD60119-EFE7-4134-82EB-F303F76CC476}.Debug|Any CPU.Build.0 = Debug|Any CPU
		{9DD60119-EFE7-4134-82EB-F303F76CC476}.Debug|x64.ActiveCfg = Debug|Any CPU
		{9DD60119-EFE7-4134-82EB-F303F76CC476}.Debug|x64.Build.0 = Debug|Any CPU
		{9DD60119-EFE7-4134-82EB-F303F76CC476}.Debug|x86.ActiveCfg = Debug|Any CPU
		{9DD60119-EFE7-4134-82EB-F303F76CC476}.Debug|x86.Build.0 = Debug|Any CPU
		{9DD60119-EFE7-4134-82EB-F303F76CC476}.Release|Any CPU.ActiveCfg = Release|Any CPU
		{9DD60119-EFE7-4134-82EB-F303F76CC476}.Release|Any CPU.Build.0 = Release|Any CPU
		{9DD60119-EFE7-4134-82EB-F303F76CC476}.Release|x64.ActiveCfg = Release|Any CPU
		{9DD60119-EFE7-4134-82EB-F303F76CC476}.Release|x64.Build.0 = Release|Any CPU
		{9DD60119-EFE7-4134-82EB-F303F76CC476}.Release|x86.ActiveCfg = Release|Any CPU
		{9DD60119-EFE7-4134-82EB-F303F76CC476}.Release|x86.Build.0 = Release|Any CPU
	EndGlobalSection
EndGlobal
